
Microsoft Visual Studio Solution File, Format Version 12.00
# Visual Studio Version 16
VisualStudioVersion = 16.0.29403.142
MinimumVisualStudioVersion = 10.0.40219.1
Project("{FAE04EC0-301F-11D3-BF4B-00C04F79EFBC}") = "ADO_MVC_DEMO1", "ADO_MVC_DEMO1\ADO_MVC_DEMO1.csproj", "{8A40CD65-F07D-4592-A19B-67F201FC364B}"
EndProject
Project("{FAE04EC0-301F-11D3-BF4B-00C04F79EFBC}") = "ADO_DOT_NET_2", "..\ADODOTNET\ADO_DOT_NET_2\ADO_DOT_NET_2.csproj", "{0F74DC90-1758-48F3-ACE7-39B8B781C6AA}"
EndProject
Project("{FAE04EC0-301F-11D3-BF4B-00C04F79EFBC}") = "Partial_Demo1", "Partial_Demo1\Partial_Demo1.csproj", "{B9523ADB-6DFE-48EA-91AD-DA9429E30CA2}"
EndProject
Project("{FAE04EC0-301F-11D3-BF4B-00C04F79EFBC}") = "LayoutMvcDemo1", "..\LayoutMvcDemo1\LayoutMvcDemo1\LayoutMvcDemo1.csproj", "{B6E363ED-3DA2-49B0-8837-1D5B3243AA2D}"
EndProject
Global
	GlobalSection(SolutionConfigurationPlatforms) = preSolution
		Debug|Any CPU = Debug|Any CPU
		Release|Any CPU = Release|Any CPU
	EndGlobalSection
	GlobalSection(ProjectConfigurationPlatforms) = postSolution
		{8A40CD65-F07D-4592-A19B-67F201FC364B}.Debug|Any CPU.ActiveCfg = Debug|Any CPU
		{8A40CD65-F07D-4592-A19B-67F201FC364B}.Debug|Any CPU.Build.0 = Debug|Any CPU
		{8A40CD65-F07D-4592-A19B-67F201FC364B}.Release|Any CPU.ActiveCfg = Release|Any CPU
		{8A40CD65-F07D-4592-A19B-67F201FC364B}.Release|Any CPU.Build.0 = Release|Any CPU
		{0F74DC90-1758-48F3-ACE7-39B8B781C6AA}.Debug|Any CPU.ActiveCfg = Debug|Any CPU
		{0F74DC90-1758-48F3-ACE7-39B8B781C6AA}.Debug|Any CPU.Build.0 = Debug|Any CPU
		{0F74DC90-1758-48F3-ACE7-39B8B781C6AA}.Release|Any CPU.ActiveCfg = Release|Any CPU
		{0F74DC90-1758-48F3-ACE7-39B8B781C6AA}.Release|Any CPU.Build.0 = Release|Any CPU
		{B9523ADB-6DFE-48EA-91AD-DA9429E30CA2}.Debug|Any CPU.ActiveCfg = Debug|Any CPU
		{B9523ADB-6DFE-48EA-91AD-DA9429E30CA2}.Debug|Any CPU.Build.0 = Debug|Any CPU
		{B9523ADB-6DFE-48EA-91AD-DA9429E30CA2}.Release|Any CPU.ActiveCfg = Release|Any CPU
		{B9523ADB-6DFE-48EA-91AD-DA9429E30CA2}.Release|Any CPU.Build.0 = Release|Any CPU
		{B6E363ED-3DA2-49B0-8837-1D5B3243AA2D}.Debug|Any CPU.ActiveCfg = Debug|Any CPU
		{B6E363ED-3DA2-49B0-8837-1D5B3243AA2D}.Debug|Any CPU.Build.0 = Debug|Any CPU
		{B6E363ED-3DA2-49B0-8837-1D5B3243AA2D}.Release|Any CPU.ActiveCfg = Release|Any CPU
		{B6E363ED-3DA2-49B0-8837-1D5B3243AA2D}.Release|Any CPU.Build.0 = Release|Any CPU
	EndGlobalSection
	GlobalSection(SolutionProperties) = preSolution
		HideSolutionNode = FALSE
	EndGlobalSection
	GlobalSection(ExtensibilityGlobals) = postSolution
		SolutionGuid = {6419CC4E-6B87-4EC2-BFAA-751B2B316F51}
	EndGlobalSection
EndGlobal
